
Microsoft Visual Studio Solution File, Format Version 12.00
# Visual Studio Version 17
VisualStudioVersion = 17.10.35027.167
MinimumVisualStudioVersion = 10.0.40219.1
Project("{FAE04EC0-301F-11D3-BF4B-00C04F79EFBC}") = "LibraryMgmt", "LibraryMgmt\LibraryMgmt.csproj", "{74145FA3-F1E3-4BBA-AF50-7CBD6F9E2CD0}"
EndProject
Global
	GlobalSection(SolutionConfigurationPlatforms) = preSolution
		Debug|Any CPU = Debug|Any CPU
		Release|Any CPU = Release|Any CPU
	EndGlobalSection
	GlobalSection(ProjectConfigurationPlatforms) = postSolution
		{74145FA3-F1E3-4BBA-AF50-7CBD6F9E2CD0}.Debug|Any CPU.ActiveCfg = Debug|Any CPU
		{74145FA3-F1E3-4BBA-AF50-7CBD6F9E2CD0}.Debug|Any CPU.Build.0 = Debug|Any CPU
		{74145FA3-F1E3-4BBA-AF50-7CBD6F9E2CD0}.Release|Any CPU.ActiveCfg = Release|Any CPU
		{74145FA3-F1E3-4BBA-AF50-7CBD6F9E2CD0}.Release|Any CPU.Build.0 = Release|Any CPU
	EndGlobalSection
	GlobalSection(SolutionProperties) = preSolution
		HideSolutionNode = FALSE
	EndGlobalSection
	GlobalSection(ExtensibilityGlobals) = postSolution
		SolutionGuid = {A3489E1A-215E-4020-9A39-043E65C483A2}
	EndGlobalSection
EndGlobal
