
Microsoft Visual Studio Solution File, Format Version 12.00
# Visual Studio Version 17
VisualStudioVersion = 17.10.35027.167
MinimumVisualStudioVersion = 10.0.40219.1
Project("{FAE04EC0-301F-11D3-BF4B-00C04F79EFBC}") = "TodoApi", "TodoApi\TodoApi.csproj", "{31B19B8A-2B07-4054-8931-81E83D4917DC}"
EndProject
Global
	GlobalSection(SolutionConfigurationPlatforms) = preSolution
		Debug|Any CPU = Debug|Any CPU
		Release|Any CPU = Release|Any CPU
	EndGlobalSection
	GlobalSection(ProjectConfigurationPlatforms) = postSolution
		{31B19B8A-2B07-4054-8931-81E83D4917DC}.Debug|Any CPU.ActiveCfg = Debug|Any CPU
		{31B19B8A-2B07-4054-8931-81E83D4917DC}.Debug|Any CPU.Build.0 = Debug|Any CPU
		{31B19B8A-2B07-4054-8931-81E83D4917DC}.Release|Any CPU.ActiveCfg = Release|Any CPU
		{31B19B8A-2B07-4054-8931-81E83D4917DC}.Release|Any CPU.Build.0 = Release|Any CPU
	EndGlobalSection
	GlobalSection(SolutionProperties) = preSolution
		HideSolutionNode = FALSE
	EndGlobalSection
	GlobalSection(ExtensibilityGlobals) = postSolution
		SolutionGuid = {BB76EF13-5EBA-4184-B02A-CF1810D53525}
	EndGlobalSection
EndGlobal
