
Microsoft Visual Studio Solution File, Format Version 12.00
# Visual Studio Version 17
VisualStudioVersion = 17.1.32407.343
MinimumVisualStudioVersion = 10.0.40219.1
Project("{9A19103F-16F7-4668-BE54-9A1E7A4F7556}") = "TNAUPMS", "TNAUPMS\TNAUPMS.csproj", "{548AE6A4-BDC5-421C-84B5-32F767A97F6A}"
EndProject
Global
	GlobalSection(SolutionConfigurationPlatforms) = preSolution
		Debug|Any CPU = Debug|Any CPU
		Release|Any CPU = Release|Any CPU
	EndGlobalSection
	GlobalSection(ProjectConfigurationPlatforms) = postSolution
		{548AE6A4-BDC5-421C-84B5-32F767A97F6A}.Debug|Any CPU.ActiveCfg = Debug|Any CPU
		{548AE6A4-BDC5-421C-84B5-32F767A97F6A}.Debug|Any CPU.Build.0 = Debug|Any CPU
		{548AE6A4-BDC5-421C-84B5-32F767A97F6A}.Release|Any CPU.ActiveCfg = Release|Any CPU
		{548AE6A4-BDC5-421C-84B5-32F767A97F6A}.Release|Any CPU.Build.0 = Release|Any CPU
	EndGlobalSection
	GlobalSection(SolutionProperties) = preSolution
		HideSolutionNode = FALSE
	EndGlobalSection
	GlobalSection(ExtensibilityGlobals) = postSolution
		SolutionGuid = {8E238C77-503E-4A9A-9C77-1EBED0DF3BC5}
	EndGlobalSection
EndGlobal
