
Microsoft Visual Studio Solution File, Format Version 12.00
# Visual Studio Version 17
VisualStudioVersion = 17.10.35027.167
MinimumVisualStudioVersion = 10.0.40219.1
Project("{FAE04EC0-301F-11D3-BF4B-00C04F79EFBC}") = "WindowsFormsApp1", "WindowsFormsApp1\WindowsFormsApp1.csproj", "{E51347DA-FCDE-47FA-959F-A03626C8B6AD}"
EndProject
Global
	GlobalSection(SolutionConfigurationPlatforms) = preSolution
		Debug|Any CPU = Debug|Any CPU
		Release|Any CPU = Release|Any CPU
	EndGlobalSection
	GlobalSection(ProjectConfigurationPlatforms) = postSolution
		{E51347DA-FCDE-47FA-959F-A03626C8B6AD}.Debug|Any CPU.ActiveCfg = Debug|Any CPU
		{E51347DA-FCDE-47FA-959F-A03626C8B6AD}.Debug|Any CPU.Build.0 = Debug|Any CPU
		{E51347DA-FCDE-47FA-959F-A03626C8B6AD}.Release|Any CPU.ActiveCfg = Release|Any CPU
		{E51347DA-FCDE-47FA-959F-A03626C8B6AD}.Release|Any CPU.Build.0 = Release|Any CPU
	EndGlobalSection
	GlobalSection(SolutionProperties) = preSolution
		HideSolutionNode = FALSE
	EndGlobalSection
	GlobalSection(ExtensibilityGlobals) = postSolution
		SolutionGuid = {9A80568D-8B7A-4328-9D21-699D67EE0835}
	EndGlobalSection
EndGlobal
